
Microsoft Visual Studio Solution File, Format Version 12.00
# Visual Studio Version 16
VisualStudioVersion = 16.0.29911.84
MinimumVisualStudioVersion = 10.0.40219.1
Project("{FAE04EC0-301F-11D3-BF4B-00C04F79EFBC}") = "Assignment1.WebAPI", "Assignment1.WebAPI\Assignment1.WebAPI.csproj", "{81408A07-B7F9-4EF3-BCAD-B67A86DFD737}"
EndProject
Project("{FAE04EC0-301F-11D3-BF4B-00C04F79EFBC}") = "Assignment1.Data", "Assignment1.Data\Assignment1.Data.csproj", "{3837C27F-2603-4C02-A944-472FC19385A7}"
EndProject
Project("{FAE04EC0-301F-11D3-BF4B-00C04F79EFBC}") = "Assignment1.BusinessEntities", "Assignment1.BusinessEntities\Assignment1.BusinessEntities.csproj", "{03B1D8CF-D9AC-4CC6-A38A-73EA17E202CD}"
EndProject
Project("{FAE04EC0-301F-11D3-BF4B-00C04F79EFBC}") = "Assignment1.Business", "Assignment1.Business\Assignment1.Business.csproj", "{66D7BCAB-19C7-469B-B900-38923BA8FDC3}"
EndProject
Project("{FAE04EC0-301F-11D3-BF4B-00C04F79EFBC}") = "Assignment1.UnitTest", "Assignment1.UnitTest\Assignment1.UnitTest.csproj", "{6BB7F884-9AFB-43E8-91C2-E2567AB9E832}"
EndProject
Global
	GlobalSection(SolutionConfigurationPlatforms) = preSolution
		Debug|Any CPU = Debug|Any CPU
		Release|Any CPU = Release|Any CPU
	EndGlobalSection
	GlobalSection(ProjectConfigurationPlatforms) = postSolution
		{81408A07-B7F9-4EF3-BCAD-B67A86DFD737}.Debug|Any CPU.ActiveCfg = Debug|Any CPU
		{81408A07-B7F9-4EF3-BCAD-B67A86DFD737}.Debug|Any CPU.Build.0 = Debug|Any CPU
		{81408A07-B7F9-4EF3-BCAD-B67A86DFD737}.Release|Any CPU.ActiveCfg = Release|Any CPU
		{81408A07-B7F9-4EF3-BCAD-B67A86DFD737}.Release|Any CPU.Build.0 = Release|Any CPU
		{3837C27F-2603-4C02-A944-472FC19385A7}.Debug|Any CPU.ActiveCfg = Debug|Any CPU
		{3837C27F-2603-4C02-A944-472FC19385A7}.Debug|Any CPU.Build.0 = Debug|Any CPU
		{3837C27F-2603-4C02-A944-472FC19385A7}.Release|Any CPU.ActiveCfg = Release|Any CPU
		{3837C27F-2603-4C02-A944-472FC19385A7}.Release|Any CPU.Build.0 = Release|Any CPU
		{03B1D8CF-D9AC-4CC6-A38A-73EA17E202CD}.Debug|Any CPU.ActiveCfg = Debug|Any CPU
		{03B1D8CF-D9AC-4CC6-A38A-73EA17E202CD}.Debug|Any CPU.Build.0 = Debug|Any CPU
		{03B1D8CF-D9AC-4CC6-A38A-73EA17E202CD}.Release|Any CPU.ActiveCfg = Release|Any CPU
		{03B1D8CF-D9AC-4CC6-A38A-73EA17E202CD}.Release|Any CPU.Build.0 = Release|Any CPU
		{66D7BCAB-19C7-469B-B900-38923BA8FDC3}.Debug|Any CPU.ActiveCfg = Debug|Any CPU
		{66D7BCAB-19C7-469B-B900-38923BA8FDC3}.Debug|Any CPU.Build.0 = Debug|Any CPU
		{66D7BCAB-19C7-469B-B900-38923BA8FDC3}.Release|Any CPU.ActiveCfg = Release|Any CPU
		{66D7BCAB-19C7-469B-B900-38923BA8FDC3}.Release|Any CPU.Build.0 = Release|Any CPU
		{6BB7F884-9AFB-43E8-91C2-E2567AB9E832}.Debug|Any CPU.ActiveCfg = Debug|Any CPU
		{6BB7F884-9AFB-43E8-91C2-E2567AB9E832}.Debug|Any CPU.Build.0 = Debug|Any CPU
		{6BB7F884-9AFB-43E8-91C2-E2567AB9E832}.Release|Any CPU.ActiveCfg = Release|Any CPU
		{6BB7F884-9AFB-43E8-91C2-E2567AB9E832}.Release|Any CPU.Build.0 = Release|Any CPU
	EndGlobalSection
	GlobalSection(SolutionProperties) = preSolution
		HideSolutionNode = FALSE
	EndGlobalSection
	GlobalSection(ExtensibilityGlobals) = postSolution
		SolutionGuid = {AA0B840B-6741-491A-A4CF-3266228EAD1A}
	EndGlobalSection
EndGlobal
