
Microsoft Visual Studio Solution File, Format Version 12.00
# Visual Studio Version 16
VisualStudioVersion = 16.0.29911.84
MinimumVisualStudioVersion = 10.0.40219.1
Project("{FAE04EC0-301F-11D3-BF4B-00C04F79EFBC}") = "WebAPI", "WebAPI\WebAPI.csproj", "{590E4FEF-2268-49E2-B28E-5488141264C1}"
EndProject
Project("{FAE04EC0-301F-11D3-BF4B-00C04F79EFBC}") = "PassengersCRUD", "PassengersCRUD\PassengersCRUD.csproj", "{601B19E2-008A-4902-9BF5-F2609DD1B2A7}"
EndProject
Project("{FAE04EC0-301F-11D3-BF4B-00C04F79EFBC}") = "Passengers.Test", "Passengers.Test\Passengers.Test.csproj", "{5EE239ED-4C65-486D-AFCC-E6379A834F74}"
EndProject
Global
	GlobalSection(SolutionConfigurationPlatforms) = preSolution
		Debug|Any CPU = Debug|Any CPU
		Release|Any CPU = Release|Any CPU
	EndGlobalSection
	GlobalSection(ProjectConfigurationPlatforms) = postSolution
		{590E4FEF-2268-49E2-B28E-5488141264C1}.Debug|Any CPU.ActiveCfg = Debug|Any CPU
		{590E4FEF-2268-49E2-B28E-5488141264C1}.Debug|Any CPU.Build.0 = Debug|Any CPU
		{590E4FEF-2268-49E2-B28E-5488141264C1}.Release|Any CPU.ActiveCfg = Release|Any CPU
		{590E4FEF-2268-49E2-B28E-5488141264C1}.Release|Any CPU.Build.0 = Release|Any CPU
		{601B19E2-008A-4902-9BF5-F2609DD1B2A7}.Debug|Any CPU.ActiveCfg = Debug|Any CPU
		{601B19E2-008A-4902-9BF5-F2609DD1B2A7}.Debug|Any CPU.Build.0 = Debug|Any CPU
		{601B19E2-008A-4902-9BF5-F2609DD1B2A7}.Release|Any CPU.ActiveCfg = Release|Any CPU
		{601B19E2-008A-4902-9BF5-F2609DD1B2A7}.Release|Any CPU.Build.0 = Release|Any CPU
		{5EE239ED-4C65-486D-AFCC-E6379A834F74}.Debug|Any CPU.ActiveCfg = Debug|Any CPU
		{5EE239ED-4C65-486D-AFCC-E6379A834F74}.Debug|Any CPU.Build.0 = Debug|Any CPU
		{5EE239ED-4C65-486D-AFCC-E6379A834F74}.Release|Any CPU.ActiveCfg = Release|Any CPU
		{5EE239ED-4C65-486D-AFCC-E6379A834F74}.Release|Any CPU.Build.0 = Release|Any CPU
	EndGlobalSection
	GlobalSection(SolutionProperties) = preSolution
		HideSolutionNode = FALSE
	EndGlobalSection
	GlobalSection(ExtensibilityGlobals) = postSolution
		SolutionGuid = {2307BB5F-297E-435B-A422-40A8BEBF8D07}
	EndGlobalSection
EndGlobal
