
Microsoft Visual Studio Solution File, Format Version 12.00
# Visual Studio Version 16
VisualStudioVersion = 16.0.29911.84
MinimumVisualStudioVersion = 10.0.40219.1
Project("{FAE04EC0-301F-11D3-BF4B-00C04F79EFBC}") = "MicroservicesAssignment3", "MicroservicesAssignment3\MicroservicesAssignment3.csproj", "{86334C23-1C00-48DA-8530-0756CD728B43}"
EndProject
Project("{FAE04EC0-301F-11D3-BF4B-00C04F79EFBC}") = "User.Microservices", "User.Microservices\User.Microservices.csproj", "{6BC84FCF-5A21-4A42-AD23-C5EF476A023F}"
EndProject
Project("{FAE04EC0-301F-11D3-BF4B-00C04F79EFBC}") = "Product.Microservices", "Product.Microservices\Product.Microservices.csproj", "{75CEE1F1-B6E1-4C75-96F8-9314047EFA8E}"
EndProject
Global
	GlobalSection(SolutionConfigurationPlatforms) = preSolution
		Debug|Any CPU = Debug|Any CPU
		Release|Any CPU = Release|Any CPU
	EndGlobalSection
	GlobalSection(ProjectConfigurationPlatforms) = postSolution
		{86334C23-1C00-48DA-8530-0756CD728B43}.Debug|Any CPU.ActiveCfg = Debug|Any CPU
		{86334C23-1C00-48DA-8530-0756CD728B43}.Debug|Any CPU.Build.0 = Debug|Any CPU
		{86334C23-1C00-48DA-8530-0756CD728B43}.Release|Any CPU.ActiveCfg = Release|Any CPU
		{86334C23-1C00-48DA-8530-0756CD728B43}.Release|Any CPU.Build.0 = Release|Any CPU
		{6BC84FCF-5A21-4A42-AD23-C5EF476A023F}.Debug|Any CPU.ActiveCfg = Debug|Any CPU
		{6BC84FCF-5A21-4A42-AD23-C5EF476A023F}.Debug|Any CPU.Build.0 = Debug|Any CPU
		{6BC84FCF-5A21-4A42-AD23-C5EF476A023F}.Release|Any CPU.ActiveCfg = Release|Any CPU
		{6BC84FCF-5A21-4A42-AD23-C5EF476A023F}.Release|Any CPU.Build.0 = Release|Any CPU
		{75CEE1F1-B6E1-4C75-96F8-9314047EFA8E}.Debug|Any CPU.ActiveCfg = Debug|Any CPU
		{75CEE1F1-B6E1-4C75-96F8-9314047EFA8E}.Debug|Any CPU.Build.0 = Debug|Any CPU
		{75CEE1F1-B6E1-4C75-96F8-9314047EFA8E}.Release|Any CPU.ActiveCfg = Release|Any CPU
		{75CEE1F1-B6E1-4C75-96F8-9314047EFA8E}.Release|Any CPU.Build.0 = Release|Any CPU
	EndGlobalSection
	GlobalSection(SolutionProperties) = preSolution
		HideSolutionNode = FALSE
	EndGlobalSection
	GlobalSection(ExtensibilityGlobals) = postSolution
		SolutionGuid = {54ED2FB8-E963-4E83-B82D-DC484AD2F62A}
	EndGlobalSection
EndGlobal
